
Microsoft Visual Studio Solution File, Format Version 12.00
# Visual Studio Version 17
VisualStudioVersion = 17.8.34330.188
MinimumVisualStudioVersion = 10.0.40219.1
Project("{FAE04EC0-301F-11D3-BF4B-00C04F79EFBC}") = "WindowsFormsApp1", "WindowsFormsApp1\WindowsFormsApp1.csproj", "{3555BFA7-9926-4B89-99B8-C1E77723D344}"
EndProject
Global
	GlobalSection(SolutionConfigurationPlatforms) = preSolution
		Debug|Any CPU = Debug|Any CPU
		Release|Any CPU = Release|Any CPU
	EndGlobalSection
	GlobalSection(ProjectConfigurationPlatforms) = postSolution
		{3555BFA7-9926-4B89-99B8-C1E77723D344}.Debug|Any CPU.ActiveCfg = Debug|Any CPU
		{3555BFA7-9926-4B89-99B8-C1E77723D344}.Debug|Any CPU.Build.0 = Debug|Any CPU
		{3555BFA7-9926-4B89-99B8-C1E77723D344}.Release|Any CPU.ActiveCfg = Release|Any CPU
		{3555BFA7-9926-4B89-99B8-C1E77723D344}.Release|Any CPU.Build.0 = Release|Any CPU
	EndGlobalSection
	GlobalSection(SolutionProperties) = preSolution
		HideSolutionNode = FALSE
	EndGlobalSection
	GlobalSection(ExtensibilityGlobals) = postSolution
		SolutionGuid = {625CAF85-6644-452D-9670-6BEB699A6D60}
	EndGlobalSection
EndGlobal
