
Microsoft Visual Studio Solution File, Format Version 12.00
# Visual Studio Version 17
VisualStudioVersion = 17.7.34024.191
MinimumVisualStudioVersion = 10.0.40219.1
Project("{FAE04EC0-301F-11D3-BF4B-00C04F79EFBC}") = "listy_slovniky", "listy_slovniky\listy_slovniky.csproj", "{45978043-A76C-49B7-9C8D-3D0BCDBB2915}"
EndProject
Global
	GlobalSection(SolutionConfigurationPlatforms) = preSolution
		Debug|Any CPU = Debug|Any CPU
		Release|Any CPU = Release|Any CPU
	EndGlobalSection
	GlobalSection(ProjectConfigurationPlatforms) = postSolution
		{45978043-A76C-49B7-9C8D-3D0BCDBB2915}.Debug|Any CPU.ActiveCfg = Debug|Any CPU
		{45978043-A76C-49B7-9C8D-3D0BCDBB2915}.Debug|Any CPU.Build.0 = Debug|Any CPU
		{45978043-A76C-49B7-9C8D-3D0BCDBB2915}.Release|Any CPU.ActiveCfg = Release|Any CPU
		{45978043-A76C-49B7-9C8D-3D0BCDBB2915}.Release|Any CPU.Build.0 = Release|Any CPU
	EndGlobalSection
	GlobalSection(SolutionProperties) = preSolution
		HideSolutionNode = FALSE
	EndGlobalSection
	GlobalSection(ExtensibilityGlobals) = postSolution
		SolutionGuid = {EAE4A93B-EFB3-4FC0-A6CE-11F70AB74AB6}
	EndGlobalSection
EndGlobal
